
Microsoft Visual Studio Solution File, Format Version 12.00
# Visual Studio Version 17
VisualStudioVersion = 17.13.35806.99 d17.13
MinimumVisualStudioVersion = 10.0.40219.1
Project("{FAE04EC0-301F-11D3-BF4B-00C04F79EFBC}") = "CMSTest", "CMSTest.csproj", "{834EC5D8-3936-4CF2-BF53-08613E63680C}"
EndProject
Global
	GlobalSection(SolutionConfigurationPlatforms) = preSolution
		Debug|Any CPU = Debug|Any CPU
		Release|Any CPU = Release|Any CPU
	EndGlobalSection
	GlobalSection(ProjectConfigurationPlatforms) = postSolution
		{834EC5D8-3936-4CF2-BF53-08613E63680C}.Debug|Any CPU.ActiveCfg = Debug|Any CPU
		{834EC5D8-3936-4CF2-BF53-08613E63680C}.Debug|Any CPU.Build.0 = Debug|Any CPU
		{834EC5D8-3936-4CF2-BF53-08613E63680C}.Release|Any CPU.ActiveCfg = Release|Any CPU
		{834EC5D8-3936-4CF2-BF53-08613E63680C}.Release|Any CPU.Build.0 = Release|Any CPU
	EndGlobalSection
	GlobalSection(SolutionProperties) = preSolution
		HideSolutionNode = FALSE
	EndGlobalSection
	GlobalSection(ExtensibilityGlobals) = postSolution
		SolutionGuid = {05E3DDEC-2930-4E48-A772-EF9E027527EC}
	EndGlobalSection
EndGlobal
